
Microsoft Visual Studio Solution File, Format Version 12.00
# Visual Studio Version 17
VisualStudioVersion = 17.2.32516.85
MinimumVisualStudioVersion = 10.0.40219.1
Project("{9A19103F-16F7-4668-BE54-9A1E7A4F7556}") = "API", "API\API.csproj", "{2B9AC4FE-3E78-48A3-8BAF-9632814978EE}"
EndProject
Project("{2150E333-8FDC-42A3-9474-1A3956D46DE8}") = "Solution Items", "Solution Items", "{140BD7C2-F721-4610-8239-FACF1B97642A}"
	ProjectSection(SolutionItems) = preProject
		.editorconfig = .editorconfig
	EndProjectSection
EndProject
Project("{FAE04EC0-301F-11D3-BF4B-00C04F79EFBC}") = "Core", "Core\Core.csproj", "{F3BC0893-8394-4D7E-8DB1-80963F56F364}"
EndProject
Project("{FAE04EC0-301F-11D3-BF4B-00C04F79EFBC}") = "Infrastructure", "Infrastructure\Infrastructure.csproj", "{44CDA663-3155-46A7-AAE3-F474A2AE8B5D}"
EndProject
Global
	GlobalSection(SolutionConfigurationPlatforms) = preSolution
		Debug|Any CPU = Debug|Any CPU
		Release|Any CPU = Release|Any CPU
	EndGlobalSection
	GlobalSection(ProjectConfigurationPlatforms) = postSolution
		{2B9AC4FE-3E78-48A3-8BAF-9632814978EE}.Debug|Any CPU.ActiveCfg = Debug|Any CPU
		{2B9AC4FE-3E78-48A3-8BAF-9632814978EE}.Debug|Any CPU.Build.0 = Debug|Any CPU
		{2B9AC4FE-3E78-48A3-8BAF-9632814978EE}.Release|Any CPU.ActiveCfg = Release|Any CPU
		{2B9AC4FE-3E78-48A3-8BAF-9632814978EE}.Release|Any CPU.Build.0 = Release|Any CPU
		{F3BC0893-8394-4D7E-8DB1-80963F56F364}.Debug|Any CPU.ActiveCfg = Debug|Any CPU
		{F3BC0893-8394-4D7E-8DB1-80963F56F364}.Debug|Any CPU.Build.0 = Debug|Any CPU
		{F3BC0893-8394-4D7E-8DB1-80963F56F364}.Release|Any CPU.ActiveCfg = Release|Any CPU
		{F3BC0893-8394-4D7E-8DB1-80963F56F364}.Release|Any CPU.Build.0 = Release|Any CPU
		{44CDA663-3155-46A7-AAE3-F474A2AE8B5D}.Debug|Any CPU.ActiveCfg = Debug|Any CPU
		{44CDA663-3155-46A7-AAE3-F474A2AE8B5D}.Debug|Any CPU.Build.0 = Debug|Any CPU
		{44CDA663-3155-46A7-AAE3-F474A2AE8B5D}.Release|Any CPU.ActiveCfg = Release|Any CPU
		{44CDA663-3155-46A7-AAE3-F474A2AE8B5D}.Release|Any CPU.Build.0 = Release|Any CPU
	EndGlobalSection
	GlobalSection(SolutionProperties) = preSolution
		HideSolutionNode = FALSE
	EndGlobalSection
	GlobalSection(ExtensibilityGlobals) = postSolution
		SolutionGuid = {F7F38D17-614F-4FD7-AAC5-A73A499F3DB6}
	EndGlobalSection
EndGlobal
